
Microsoft Visual Studio Solution File, Format Version 12.00
# Visual Studio Version 17
VisualStudioVersion = 17.10.35013.160
MinimumVisualStudioVersion = 10.0.40219.1
Project("{FAE04EC0-301F-11D3-BF4B-00C04F79EFBC}") = "GameStore", "GameStore\GameStore.csproj", "{B8F1B44E-49D2-4845-AA10-1632B7035C90}"
EndProject
Global
	GlobalSection(SolutionConfigurationPlatforms) = preSolution
		Debug|Any CPU = Debug|Any CPU
		Release|Any CPU = Release|Any CPU
	EndGlobalSection
	GlobalSection(ProjectConfigurationPlatforms) = postSolution
		{B8F1B44E-49D2-4845-AA10-1632B7035C90}.Debug|Any CPU.ActiveCfg = Debug|Any CPU
		{B8F1B44E-49D2-4845-AA10-1632B7035C90}.Debug|Any CPU.Build.0 = Debug|Any CPU
		{B8F1B44E-49D2-4845-AA10-1632B7035C90}.Release|Any CPU.ActiveCfg = Release|Any CPU
		{B8F1B44E-49D2-4845-AA10-1632B7035C90}.Release|Any CPU.Build.0 = Release|Any CPU
	EndGlobalSection
	GlobalSection(SolutionProperties) = preSolution
		HideSolutionNode = FALSE
	EndGlobalSection
	GlobalSection(ExtensibilityGlobals) = postSolution
		SolutionGuid = {75F3BA30-0501-4B74-AC0F-CABCE37E4615}
	EndGlobalSection
EndGlobal
