
Microsoft Visual Studio Solution File, Format Version 12.00
# Visual Studio Version 17
VisualStudioVersion = 17.10.35013.160
MinimumVisualStudioVersion = 10.0.40219.1
Project("{2150E333-8FDC-42A3-9474-1A3956D46DE8}") = "Modules", "Modules", "{190C397E-BDCD-43A8-9484-C0444340C844}"
EndProject
Project("{9A19103F-16F7-4668-BE54-9A1E7A4F7556}") = "GameStore", "src\GameStore\GameStore.csproj", "{FE355BC5-9350-4E06-BB47-BBF36EBA8A30}"
EndProject
Project("{9A19103F-16F7-4668-BE54-9A1E7A4F7556}") = "UserManagement", "src\UserManagement\UserManagement.csproj", "{D2B6C270-56D4-494C-90AD-5F6EC0B1636F}"
EndProject
Project("{2150E333-8FDC-42A3-9474-1A3956D46DE8}") = "src", "src", "{9BCE192E-A32D-4E18-9482-83F50FADBB71}"
EndProject
Project("{2150E333-8FDC-42A3-9474-1A3956D46DE8}") = "tests", "tests", "{58C4A7D9-AC2F-422E-BD7E-53AC5D0050EF}"
EndProject
Project("{2150E333-8FDC-42A3-9474-1A3956D46DE8}") = "Modules", "Modules", "{980B88ED-6C5B-4E7B-985F-C798DA567080}"
EndProject
Project("{2150E333-8FDC-42A3-9474-1A3956D46DE8}") = "Unit", "Unit", "{6ED050BE-4A38-4C39-AB6F-60E28D34968E}"
EndProject
Project("{2150E333-8FDC-42A3-9474-1A3956D46DE8}") = "Integration", "Integration", "{728BA296-783B-4569-8217-1D5AA82F2E8A}"
EndProject
Project("{2150E333-8FDC-42A3-9474-1A3956D46DE8}") = "Modules", "Modules", "{9ACBE292-2BB8-4D60-8EEB-157B18F3E21F}"
EndProject
Project("{FAE04EC0-301F-11D3-BF4B-00C04F79EFBC}") = "UserManagement.Tests", "tests\UserManagement.Tests\UserManagement.Tests.csproj", "{F17EB4A9-7F70-4B02-BE31-BC5AFBC661AB}"
EndProject
Global
	GlobalSection(SolutionConfigurationPlatforms) = preSolution
		Debug|Any CPU = Debug|Any CPU
		Release|Any CPU = Release|Any CPU
	EndGlobalSection
	GlobalSection(ProjectConfigurationPlatforms) = postSolution
		{FE355BC5-9350-4E06-BB47-BBF36EBA8A30}.Debug|Any CPU.ActiveCfg = Debug|Any CPU
		{FE355BC5-9350-4E06-BB47-BBF36EBA8A30}.Debug|Any CPU.Build.0 = Debug|Any CPU
		{FE355BC5-9350-4E06-BB47-BBF36EBA8A30}.Release|Any CPU.ActiveCfg = Release|Any CPU
		{FE355BC5-9350-4E06-BB47-BBF36EBA8A30}.Release|Any CPU.Build.0 = Release|Any CPU
		{D2B6C270-56D4-494C-90AD-5F6EC0B1636F}.Debug|Any CPU.ActiveCfg = Debug|Any CPU
		{D2B6C270-56D4-494C-90AD-5F6EC0B1636F}.Debug|Any CPU.Build.0 = Debug|Any CPU
		{D2B6C270-56D4-494C-90AD-5F6EC0B1636F}.Release|Any CPU.ActiveCfg = Release|Any CPU
		{D2B6C270-56D4-494C-90AD-5F6EC0B1636F}.Release|Any CPU.Build.0 = Release|Any CPU
		{F17EB4A9-7F70-4B02-BE31-BC5AFBC661AB}.Debug|Any CPU.ActiveCfg = Debug|Any CPU
		{F17EB4A9-7F70-4B02-BE31-BC5AFBC661AB}.Debug|Any CPU.Build.0 = Debug|Any CPU
		{F17EB4A9-7F70-4B02-BE31-BC5AFBC661AB}.Release|Any CPU.ActiveCfg = Release|Any CPU
		{F17EB4A9-7F70-4B02-BE31-BC5AFBC661AB}.Release|Any CPU.Build.0 = Release|Any CPU
	EndGlobalSection
	GlobalSection(SolutionProperties) = preSolution
		HideSolutionNode = FALSE
	EndGlobalSection
	GlobalSection(NestedProjects) = preSolution
		{190C397E-BDCD-43A8-9484-C0444340C844} = {9BCE192E-A32D-4E18-9482-83F50FADBB71}
		{FE355BC5-9350-4E06-BB47-BBF36EBA8A30} = {9BCE192E-A32D-4E18-9482-83F50FADBB71}
		{D2B6C270-56D4-494C-90AD-5F6EC0B1636F} = {190C397E-BDCD-43A8-9484-C0444340C844}
		{980B88ED-6C5B-4E7B-985F-C798DA567080} = {6ED050BE-4A38-4C39-AB6F-60E28D34968E}
		{6ED050BE-4A38-4C39-AB6F-60E28D34968E} = {58C4A7D9-AC2F-422E-BD7E-53AC5D0050EF}
		{728BA296-783B-4569-8217-1D5AA82F2E8A} = {58C4A7D9-AC2F-422E-BD7E-53AC5D0050EF}
		{9ACBE292-2BB8-4D60-8EEB-157B18F3E21F} = {728BA296-783B-4569-8217-1D5AA82F2E8A}
		{F17EB4A9-7F70-4B02-BE31-BC5AFBC661AB} = {980B88ED-6C5B-4E7B-985F-C798DA567080}
	EndGlobalSection
	GlobalSection(ExtensibilityGlobals) = postSolution
		SolutionGuid = {75F3BA30-0501-4B74-AC0F-CABCE37E4615}
	EndGlobalSection
EndGlobal
